# This file is automatically @generated by Cargo.
# It is not intended for manual editing.
version = 4

[[package]]
name = "photo-culler-cli"
version = "0.1.0"
dependencies = [
 "photo-culler-core",
]

[[package]]
name = "photo-culler-core"
version = "0.1.0"

[[package]]
name = "photo-culler-egui"
version = "0.1.0"
dependencies = [
 "photo-culler-core",
]

[[package]]
name = "photo-culler-tauri"
version = "0.1.0"
dependencies = [
 "photo-culler-core",
]
